
Microsoft Visual Studio Solution File, Format Version 12.00
# Visual Studio 15
VisualStudioVersion = 15.0.27130.2010
MinimumVisualStudioVersion = 10.0.40219.1
Project("{FAE04EC0-301F-11D3-BF4B-00C04F79EFBC}") = "DataCollectionCore", "DataCollectionCore\DataCollectionCore.csproj", "{DB3D455D-BA16-43D0-810E-29F0DABC7692}"
EndProject
Global
	GlobalSection(SolutionConfigurationPlatforms) = preSolution
		Debug|Any CPU = Debug|Any CPU
		Release|Any CPU = Release|Any CPU
	EndGlobalSection
	GlobalSection(ProjectConfigurationPlatforms) = postSolution
		{DB3D455D-BA16-43D0-810E-29F0DABC7692}.Debug|Any CPU.ActiveCfg = Debug|Any CPU
		{DB3D455D-BA16-43D0-810E-29F0DABC7692}.Debug|Any CPU.Build.0 = Debug|Any CPU
		{DB3D455D-BA16-43D0-810E-29F0DABC7692}.Release|Any CPU.ActiveCfg = Release|Any CPU
		{DB3D455D-BA16-43D0-810E-29F0DABC7692}.Release|Any CPU.Build.0 = Release|Any CPU
	EndGlobalSection
	GlobalSection(SolutionProperties) = preSolution
		HideSolutionNode = FALSE
	EndGlobalSection
	GlobalSection(ExtensibilityGlobals) = postSolution
		SolutionGuid = {1A158D6B-1AA9-41A3-B29C-185D1D053E54}
	EndGlobalSection
EndGlobal
